// !$*UTF8*$!
{
	archiveVersion = 1;
	classes = {
	};
	objectVersion = 50;
	objects = {

/* Begin PBXBuildFile section */
		804E179D25E243FE005E6A70 /* Forever Freedom Outline.ttf in Resources */ = {isa = PBXBuildFile; fileRef = 804E179C25E243FE005E6A70 /* Forever Freedom Outline.ttf */; };
		804E17A025E24480005E6A70 /* Forever Freedom Regular.ttf in Resources */ = {isa = PBXBuildFile; fileRef = 804E179F25E24480005E6A70 /* Forever Freedom Regular.ttf */; };
		8051CD9425E2925600D374C0 /* Reviews.swift in Sources */ = {isa = PBXBuildFile; fileRef = 8051CD9325E2925600D374C0 /* Reviews.swift */; };
		8051CD9C25E2B4FA00D374C0 /* ReviewVC.swift in Sources */ = {isa = PBXBuildFile; fileRef = 8051CD9B25E2B4FA00D374C0 /* ReviewVC.swift */; };
		8051CDA125E2CABA00D374C0 /* RatingVC.swift in Sources */ = {isa = PBXBuildFile; fileRef = 8051CDA025E2CABA00D374C0 /* RatingVC.swift */; };
		8054473125E043B40015D936 /* Player.swift in Sources */ = {isa = PBXBuildFile; fileRef = 8054473025E043B40015D936 /* Player.swift */; };
		8054473425E0FF380015D936 /* CustomTVC.swift in Sources */ = {isa = PBXBuildFile; fileRef = 8054473325E0FF380015D936 /* CustomTVC.swift */; };
		8054473725E100310015D936 /* AllPlayersTVC.swift in Sources */ = {isa = PBXBuildFile; fileRef = 8054473625E100310015D936 /* AllPlayersTVC.swift */; };
		807D867125E0303A00CB373B /* AboutVC.swift in Sources */ = {isa = PBXBuildFile; fileRef = 807D867025E0303A00CB373B /* AboutVC.swift */; };
		807D867525E030C600CB373B /* DataPlayers.swift in Sources */ = {isa = PBXBuildFile; fileRef = 807D867425E030C600CB373B /* DataPlayers.swift */; };
		80D2B90925E01E2B002D8BB6 /* AppDelegate.swift in Sources */ = {isa = PBXBuildFile; fileRef = 80D2B90825E01E2B002D8BB6 /* AppDelegate.swift */; };
		80D2B90B25E01E2B002D8BB6 /* SceneDelegate.swift in Sources */ = {isa = PBXBuildFile; fileRef = 80D2B90A25E01E2B002D8BB6 /* SceneDelegate.swift */; };
		80D2B91025E01E2B002D8BB6 /* Main.storyboard in Resources */ = {isa = PBXBuildFile; fileRef = 80D2B90E25E01E2B002D8BB6 /* Main.storyboard */; };
		80D2B91225E01E2E002D8BB6 /* Assets.xcassets in Resources */ = {isa = PBXBuildFile; fileRef = 80D2B91125E01E2E002D8BB6 /* Assets.xcassets */; };
		80D2B91525E01E2E002D8BB6 /* LaunchScreen.storyboard in Resources */ = {isa = PBXBuildFile; fileRef = 80D2B91325E01E2E002D8BB6 /* LaunchScreen.storyboard */; };
/* End PBXBuildFile section */

/* Begin PBXFileReference section */
		804E179C25E243FE005E6A70 /* Forever Freedom Outline.ttf */ = {isa = PBXFileReference; lastKnownFileType = file; name = "Forever Freedom Outline.ttf"; path = "../../../../../../Downloads/Forever Freedom/4. Regular Outline/Forever Freedom Outline.ttf"; sourceTree = "<group>"; };
		804E179F25E24480005E6A70 /* Forever Freedom Regular.ttf */ = {isa = PBXFileReference; lastKnownFileType = file; name = "Forever Freedom Regular.ttf"; path = "../../../../../../Downloads/Forever Freedom/2. Regular/Forever Freedom Regular.ttf"; sourceTree = "<group>"; };
		8051CD9325E2925600D374C0 /* Reviews.swift */ = {isa = PBXFileReference; lastKnownFileType = sourcecode.swift; path = Reviews.swift; sourceTree = "<group>"; };
		8051CD9B25E2B4FA00D374C0 /* ReviewVC.swift */ = {isa = PBXFileReference; lastKnownFileType = sourcecode.swift; path = ReviewVC.swift; sourceTree = "<group>"; };
		8051CDA025E2CABA00D374C0 /* RatingVC.swift */ = {isa = PBXFileReference; lastKnownFileType = sourcecode.swift; path = RatingVC.swift; sourceTree = "<group>"; };
		8054473025E043B40015D936 /* Player.swift */ = {isa = PBXFileReference; lastKnownFileType = sourcecode.swift; path = Player.swift; sourceTree = "<group>"; };
		8054473325E0FF380015D936 /* CustomTVC.swift */ = {isa = PBXFileReference; lastKnownFileType = sourcecode.swift; path = CustomTVC.swift; sourceTree = "<group>"; };
		8054473625E100310015D936 /* AllPlayersTVC.swift */ = {isa = PBXFileReference; lastKnownFileType = sourcecode.swift; path = AllPlayersTVC.swift; sourceTree = "<group>"; };
		807D867025E0303A00CB373B /* AboutVC.swift */ = {isa = PBXFileReference; lastKnownFileType = sourcecode.swift; path = AboutVC.swift; sourceTree = "<group>"; };
		807D867425E030C600CB373B /* DataPlayers.swift */ = {isa = PBXFileReference; lastKnownFileType = sourcecode.swift; path = DataPlayers.swift; sourceTree = "<group>"; };
		80D2B90525E01E2B002D8BB6 /* Lesson14.app */ = {isa = PBXFileReference; explicitFileType = wrapper.application; includeInIndex = 0; path = Lesson14.app; sourceTree = BUILT_PRODUCTS_DIR; };
		80D2B90825E01E2B002D8BB6 /* AppDelegate.swift */ = {isa = PBXFileReference; lastKnownFileType = sourcecode.swift; path = AppDelegate.swift; sourceTree = "<group>"; };
		80D2B90A25E01E2B002D8BB6 /* SceneDelegate.swift */ = {isa = PBXFileReference; lastKnownFileType = sourcecode.swift; path = SceneDelegate.swift; sourceTree = "<group>"; };
		80D2B90F25E01E2B002D8BB6 /* Base */ = {isa = PBXFileReference; lastKnownFileType = file.storyboard; name = Base; path = Base.lproj/Main.storyboard; sourceTree = "<group>"; };
		80D2B91125E01E2E002D8BB6 /* Assets.xcassets */ = {isa = PBXFileReference; lastKnownFileType = folder.assetcatalog; path = Assets.xcassets; sourceTree = "<group>"; };
		80D2B91425E01E2E002D8BB6 /* Base */ = {isa = PBXFileReference; lastKnownFileType = file.storyboard; name = Base; path = Base.lproj/LaunchScreen.storyboard; sourceTree = "<group>"; };
		80D2B91625E01E2E002D8BB6 /* Info.plist */ = {isa = PBXFileReference; lastKnownFileType = text.plist.xml; path = Info.plist; sourceTree = "<group>"; };
/* End PBXFileReference section */

/* Begin PBXFrameworksBuildPhase section */
		80D2B90225E01E2B002D8BB6 /* Frameworks */ = {
			isa = PBXFrameworksBuildPhase;
			buildActionMask = 2147483647;
			files = (
			);
			runOnlyForDeploymentPostprocessing = 0;
		};
/* End PBXFrameworksBuildPhase section */

/* Begin PBXGroup section */
		8054475325E1A2640015D936 /* Model */ = {
			isa = PBXGroup;
			children = (
				807D867425E030C600CB373B /* DataPlayers.swift */,
				8054473025E043B40015D936 /* Player.swift */,
				8051CD9325E2925600D374C0 /* Reviews.swift */,
			);
			path = Model;
			sourceTree = "<group>";
		};
		8054475525E1A27F0015D936 /* Controller */ = {
			isa = PBXGroup;
			children = (
				8054473625E100310015D936 /* AllPlayersTVC.swift */,
				8051CDA025E2CABA00D374C0 /* RatingVC.swift */,
				8051CD9B25E2B4FA00D374C0 /* ReviewVC.swift */,
				807D867025E0303A00CB373B /* AboutVC.swift */,
				8054473325E0FF380015D936 /* CustomTVC.swift */,
			);
			path = Controller;
			sourceTree = "<group>";
		};
		8054475625E1A29F0015D936 /* View */ = {
			isa = PBXGroup;
			children = (
				80D2B90E25E01E2B002D8BB6 /* Main.storyboard */,
			);
			path = View;
			sourceTree = "<group>";
		};
		80D2B8FC25E01E2B002D8BB6 = {
			isa = PBXGroup;
			children = (
				80D2B90725E01E2B002D8BB6 /* Lesson14 */,
				80D2B90625E01E2B002D8BB6 /* Products */,
			);
			sourceTree = "<group>";
		};
		80D2B90625E01E2B002D8BB6 /* Products */ = {
			isa = PBXGroup;
			children = (
				80D2B90525E01E2B002D8BB6 /* Lesson14.app */,
			);
			name = Products;
			sourceTree = "<group>";
		};
		80D2B90725E01E2B002D8BB6 /* Lesson14 */ = {
			isa = PBXGroup;
			children = (
				8054475325E1A2640015D936 /* Model */,
				8054475625E1A29F0015D936 /* View */,
				8054475525E1A27F0015D936 /* Controller */,
				80D2B91F25E01EEB002D8BB6 /* System32 */,
			);
			path = Lesson14;
			sourceTree = "<group>";
		};
		80D2B91F25E01EEB002D8BB6 /* System32 */ = {
			isa = PBXGroup;
			children = (
				804E179F25E24480005E6A70 /* Forever Freedom Regular.ttf */,
				804E179C25E243FE005E6A70 /* Forever Freedom Outline.ttf */,
				80D2B91625E01E2E002D8BB6 /* Info.plist */,
				80D2B91325E01E2E002D8BB6 /* LaunchScreen.storyboard */,
				80D2B91125E01E2E002D8BB6 /* Assets.xcassets */,
				80D2B90A25E01E2B002D8BB6 /* SceneDelegate.swift */,
				80D2B90825E01E2B002D8BB6 /* AppDelegate.swift */,
			);
			path = System32;
			sourceTree = "<group>";
		};
/* End PBXGroup section */

/* Begin PBXNativeTarget section */
		80D2B90425E01E2B002D8BB6 /* Lesson14 */ = {
			isa = PBXNativeTarget;
			buildConfigurationList = 80D2B91925E01E2E002D8BB6 /* Build configuration list for PBXNativeTarget "Lesson14" */;
			buildPhases = (
				80D2B90125E01E2B002D8BB6 /* Sources */,
				80D2B90225E01E2B002D8BB6 /* Frameworks */,
				80D2B90325E01E2B002D8BB6 /* Resources */,
			);
			buildRules = (
			);
			dependencies = (
			);
			name = Lesson14;
			productName = Lesson14;
			productReference = 80D2B90525E01E2B002D8BB6 /* Lesson14.app */;
			productType = "com.apple.product-type.application";
		};
/* End PBXNativeTarget section */

/* Begin PBXProject section */
		80D2B8FD25E01E2B002D8BB6 /* Project object */ = {
			isa = PBXProject;
			attributes = {
				LastSwiftUpdateCheck = 1240;
				LastUpgradeCheck = 1240;
				TargetAttributes = {
					80D2B90425E01E2B002D8BB6 = {
						CreatedOnToolsVersion = 12.4;
					};
				};
			};
			buildConfigurationList = 80D2B90025E01E2B002D8BB6 /* Build configuration list for PBXProject "Lesson14" */;
			compatibilityVersion = "Xcode 9.3";
			developmentRegion = en;
			hasScannedForEncodings = 0;
			knownRegions = (
				en,
				Base,
			);
			mainGroup = 80D2B8FC25E01E2B002D8BB6;
			productRefGroup = 80D2B90625E01E2B002D8BB6 /* Products */;
			projectDirPath = "";
			projectRoot = "";
			targets = (
				80D2B90425E01E2B002D8BB6 /* Lesson14 */,
			);
		};
/* End PBXProject section */

/* Begin PBXResourcesBuildPhase section */
		80D2B90325E01E2B002D8BB6 /* Resources */ = {
			isa = PBXResourcesBuildPhase;
			buildActionMask = 2147483647;
			files = (
				804E17A025E24480005E6A70 /* Forever Freedom Regular.ttf in Resources */,
				80D2B91525E01E2E002D8BB6 /* LaunchScreen.storyboard in Resources */,
				80D2B91225E01E2E002D8BB6 /* Assets.xcassets in Resources */,
				804E179D25E243FE005E6A70 /* Forever Freedom Outline.ttf in Resources */,
				80D2B91025E01E2B002D8BB6 /* Main.storyboard in Resources */,
			);
			runOnlyForDeploymentPostprocessing = 0;
		};
/* End PBXResourcesBuildPhase section */

/* Begin PBXSourcesBuildPhase section */
		80D2B90125E01E2B002D8BB6 /* Sources */ = {
			isa = PBXSourcesBuildPhase;
			buildActionMask = 2147483647;
			files = (
				807D867125E0303A00CB373B /* AboutVC.swift in Sources */,
				8051CD9C25E2B4FA00D374C0 /* ReviewVC.swift in Sources */,
				80D2B90925E01E2B002D8BB6 /* AppDelegate.swift in Sources */,
				807D867525E030C600CB373B /* DataPlayers.swift in Sources */,
				8054473125E043B40015D936 /* Player.swift in Sources */,
				80D2B90B25E01E2B002D8BB6 /* SceneDelegate.swift in Sources */,
				8051CD9425E2925600D374C0 /* Reviews.swift in Sources */,
				8051CDA125E2CABA00D374C0 /* RatingVC.swift in Sources */,
				8054473425E0FF380015D936 /* CustomTVC.swift in Sources */,
				8054473725E100310015D936 /* AllPlayersTVC.swift in Sources */,
			);
			runOnlyForDeploymentPostprocessing = 0;
		};
/* End PBXSourcesBuildPhase section */

/* Begin PBXVariantGroup section */
		80D2B90E25E01E2B002D8BB6 /* Main.storyboard */ = {
			isa = PBXVariantGroup;
			children = (
				80D2B90F25E01E2B002D8BB6 /* Base */,
			);
			name = Main.storyboard;
			sourceTree = "<group>";
		};
		80D2B91325E01E2E002D8BB6 /* LaunchScreen.storyboard */ = {
			isa = PBXVariantGroup;
			children = (
				80D2B91425E01E2E002D8BB6 /* Base */,
			);
			name = LaunchScreen.storyboard;
			sourceTree = "<group>";
		};
/* End PBXVariantGroup section */

/* Begin XCBuildConfiguration section */
		80D2B91725E01E2E002D8BB6 /* Debug */ = {
			isa = XCBuildConfiguration;
			buildSettings = {
				ALWAYS_SEARCH_USER_PATHS = NO;
				CLANG_ANALYZER_NONNULL = YES;
				CLANG_ANALYZER_NUMBER_OBJECT_CONVERSION = YES_AGGRESSIVE;
				CLANG_CXX_LANGUAGE_STANDARD = "gnu++14";
				CLANG_CXX_LIBRARY = "libc++";
				CLANG_ENABLE_MODULES = YES;
				CLANG_ENABLE_OBJC_ARC = YES;
				CLANG_ENABLE_OBJC_WEAK = YES;
				CLANG_WARN_BLOCK_CAPTURE_AUTORELEASING = YES;
				CLANG_WARN_BOOL_CONVERSION = YES;
				CLANG_WARN_COMMA = YES;
				CLANG_WARN_CONSTANT_CONVERSION = YES;
				CLANG_WARN_DEPRECATED_OBJC_IMPLEMENTATIONS = YES;
				CLANG_WARN_DIRECT_OBJC_ISA_USAGE = YES_ERROR;
				CLANG_WARN_DOCUMENTATION_COMMENTS = YES;
				CLANG_WARN_EMPTY_BODY = YES;
				CLANG_WARN_ENUM_CONVERSION = YES;
				CLANG_WARN_INFINITE_RECURSION = YES;
				CLANG_WARN_INT_CONVERSION = YES;
				CLANG_WARN_NON_LITERAL_NULL_CONVERSION = YES;
				CLANG_WARN_OBJC_IMPLICIT_RETAIN_SELF = YES;
				CLANG_WARN_OBJC_LITERAL_CONVERSION = YES;
				CLANG_WARN_OBJC_ROOT_CLASS = YES_ERROR;
				CLANG_WARN_QUOTED_INCLUDE_IN_FRAMEWORK_HEADER = YES;
				CLANG_WARN_RANGE_LOOP_ANALYSIS = YES;
				CLANG_WARN_STRICT_PROTOTYPES = YES;
				CLANG_WARN_SUSPICIOUS_MOVE = YES;
				CLANG_WARN_UNGUARDED_AVAILABILITY = YES_AGGRESSIVE;
				CLANG_WARN_UNREACHABLE_CODE = YES;
				CLANG_WARN__DUPLICATE_METHOD_MATCH = YES;
				COPY_PHASE_STRIP = NO;
				DEBUG_INFORMATION_FORMAT = dwarf;
				ENABLE_STRICT_OBJC_MSGSEND = YES;
				ENABLE_TESTABILITY = YES;
				GCC_C_LANGUAGE_STANDARD = gnu11;
				GCC_DYNAMIC_NO_PIC = NO;
				GCC_NO_COMMON_BLOCKS = YES;
				GCC_OPTIMIZATION_LEVEL = 0;
				GCC_PREPROCESSOR_DEFINITIONS = (
					"DEBUG=1",
					"$(inherited)",
				);
				GCC_WARN_64_TO_32_BIT_CONVERSION = YES;
				GCC_WARN_ABOUT_RETURN_TYPE = YES_ERROR;
				GCC_WARN_UNDECLARED_SELECTOR = YES;
				GCC_WARN_UNINITIALIZED_AUTOS = YES_AGGRESSIVE;
				GCC_WARN_UNUSED_FUNCTION = YES;
				GCC_WARN_UNUSED_VARIABLE = YES;
				IPHONEOS_DEPLOYMENT_TARGET = 14.4;
				MTL_ENABLE_DEBUG_INFO = INCLUDE_SOURCE;
				MTL_FAST_MATH = YES;
				ONLY_ACTIVE_ARCH = YES;
				SDKROOT = iphoneos;
				SWIFT_ACTIVE_COMPILATION_CONDITIONS = DEBUG;
				SWIFT_OPTIMIZATION_LEVEL = "-Onone";
			};
			name = Debug;
		};
		80D2B91825E01E2E002D8BB6 /* Release */ = {
			isa = XCBuildConfiguration;
			buildSettings = {
				ALWAYS_SEARCH_USER_PATHS = NO;
				CLANG_ANALYZER_NONNULL = YES;
				CLANG_ANALYZER_NUMBER_OBJECT_CONVERSION = YES_AGGRESSIVE;
				CLANG_CXX_LANGUAGE_STANDARD = "gnu++14";
				CLANG_CXX_LIBRARY = "libc++";
				CLANG_ENABLE_MODULES = YES;
				CLANG_ENABLE_OBJC_ARC = YES;
				CLANG_ENABLE_OBJC_WEAK = YES;
				CLANG_WARN_BLOCK_CAPTURE_AUTORELEASING = YES;
				CLANG_WARN_BOOL_CONVERSION = YES;
				CLANG_WARN_COMMA = YES;
				CLANG_WARN_CONSTANT_CONVERSION = YES;
				CLANG_WARN_DEPRECATED_OBJC_IMPLEMENTATIONS = YES;
				CLANG_WARN_DIRECT_OBJC_ISA_USAGE = YES_ERROR;
				CLANG_WARN_DOCUMENTATION_COMMENTS = YES;
				CLANG_WARN_EMPTY_BODY = YES;
				CLANG_WARN_ENUM_CONVERSION = YES;
				CLANG_WARN_INFINITE_RECURSION = YES;
				CLANG_WARN_INT_CONVERSION = YES;
				CLANG_WARN_NON_LITERAL_NULL_CONVERSION = YES;
				CLANG_WARN_OBJC_IMPLICIT_RETAIN_SELF = YES;
				CLANG_WARN_OBJC_LITERAL_CONVERSION = YES;
				CLANG_WARN_OBJC_ROOT_CLASS = YES_ERROR;
				CLANG_WARN_QUOTED_INCLUDE_IN_FRAMEWORK_HEADER = YES;
				CLANG_WARN_RANGE_LOOP_ANALYSIS = YES;
				CLANG_WARN_STRICT_PROTOTYPES = YES;
				CLANG_WARN_SUSPICIOUS_MOVE = YES;
				CLANG_WARN_UNGUARDED_AVAILABILITY = YES_AGGRESSIVE;
				CLANG_WARN_UNREACHABLE_CODE = YES;
				CLANG_WARN__DUPLICATE_METHOD_MATCH = YES;
				COPY_PHASE_STRIP = NO;
				DEBUG_INFORMATION_FORMAT = "dwarf-with-dsym";
				ENABLE_NS_ASSERTIONS = NO;
				ENABLE_STRICT_OBJC_MSGSEND = YES;
				GCC_C_LANGUAGE_STANDARD = gnu11;
				GCC_NO_COMMON_BLOCKS = YES;
				GCC_WARN_64_TO_32_BIT_CONVERSION = YES;
				GCC_WARN_ABOUT_RETURN_TYPE = YES_ERROR;
				GCC_WARN_UNDECLARED_SELECTOR = YES;
				GCC_WARN_UNINITIALIZED_AUTOS = YES_AGGRESSIVE;
				GCC_WARN_UNUSED_FUNCTION = YES;
				GCC_WARN_UNUSED_VARIABLE = YES;
				IPHONEOS_DEPLOYMENT_TARGET = 14.4;
				MTL_ENABLE_DEBUG_INFO = NO;
				MTL_FAST_MATH = YES;
				SDKROOT = iphoneos;
				SWIFT_COMPILATION_MODE = wholemodule;
				SWIFT_OPTIMIZATION_LEVEL = "-O";
				VALIDATE_PRODUCT = YES;
			};
			name = Release;
		};
		80D2B91A25E01E2E002D8BB6 /* Debug */ = {
			isa = XCBuildConfiguration;
			buildSettings = {
				ASSETCATALOG_COMPILER_APPICON_NAME = AppIcon;
				ASSETCATALOG_COMPILER_GLOBAL_ACCENT_COLOR_NAME = AccentColor;
				CODE_SIGN_STYLE = Automatic;
				CURRENT_PROJECT_VERSION = 104;
				DEVELOPMENT_TEAM = 879U287R5Q;
				INFOPLIST_FILE = "$(SRCROOT)/Lesson14/System32/Info.plist";
				IPHONEOS_DEPLOYMENT_TARGET = 14.4;
				LD_RUNPATH_SEARCH_PATHS = (
					"$(inherited)",
					"@executable_path/Frameworks",
				);
				MARKETING_VERSION = 2.0;
				PRODUCT_BUNDLE_IDENTIFIER = ihValery.Lesson14;
				PRODUCT_NAME = "$(TARGET_NAME)";
				SWIFT_VERSION = 5.0;
				TARGETED_DEVICE_FAMILY = 1;
			};
			name = Debug;
		};
		80D2B91B25E01E2E002D8BB6 /* Release */ = {
			isa = XCBuildConfiguration;
			buildSettings = {
				ASSETCATALOG_COMPILER_APPICON_NAME = AppIcon;
				ASSETCATALOG_COMPILER_GLOBAL_ACCENT_COLOR_NAME = AccentColor;
				CODE_SIGN_STYLE = Automatic;
				CURRENT_PROJECT_VERSION = 104;
				DEVELOPMENT_TEAM = 879U287R5Q;
				INFOPLIST_FILE = "$(SRCROOT)/Lesson14/System32/Info.plist";
				IPHONEOS_DEPLOYMENT_TARGET = 14.4;
				LD_RUNPATH_SEARCH_PATHS = (
					"$(inherited)",
					"@executable_path/Frameworks",
				);
				MARKETING_VERSION = 2.0;
				PRODUCT_BUNDLE_IDENTIFIER = ihValery.Lesson14;
				PRODUCT_NAME = "$(TARGET_NAME)";
				SWIFT_VERSION = 5.0;
				TARGETED_DEVICE_FAMILY = 1;
			};
			name = Release;
		};
/* End XCBuildConfiguration section */

/* Begin XCConfigurationList section */
		80D2B90025E01E2B002D8BB6 /* Build configuration list for PBXProject "Lesson14" */ = {
			isa = XCConfigurationList;
			buildConfigurations = (
				80D2B91725E01E2E002D8BB6 /* Debug */,
				80D2B91825E01E2E002D8BB6 /* Release */,
			);
			defaultConfigurationIsVisible = 0;
			defaultConfigurationName = Release;
		};
		80D2B91925E01E2E002D8BB6 /* Build configuration list for PBXNativeTarget "Lesson14" */ = {
			isa = XCConfigurationList;
			buildConfigurations = (
				80D2B91A25E01E2E002D8BB6 /* Debug */,
				80D2B91B25E01E2E002D8BB6 /* Release */,
			);
			defaultConfigurationIsVisible = 0;
			defaultConfigurationName = Release;
		};
/* End XCConfigurationList section */
	};
	rootObject = 80D2B8FD25E01E2B002D8BB6 /* Project object */;
}
